
Microsoft Visual Studio Solution File, Format Version 12.00
# Visual Studio 2012
Project("{FAE04EC0-301F-11D3-BF4B-00C04F79EFBC}") = "DiccionarioJuridicoV2", "DiccionarioJuridicoV2\DiccionarioJuridicoV2.csproj", "{3759BAAD-E5B5-4EDE-88A4-737CBD0457FF}"
EndProject
Global
	GlobalSection(SolutionConfigurationPlatforms) = preSolution
		Debug|Any CPU = Debug|Any CPU
		Release|Any CPU = Release|Any CPU
	EndGlobalSection
	GlobalSection(ProjectConfigurationPlatforms) = postSolution
		{3759BAAD-E5B5-4EDE-88A4-737CBD0457FF}.Debug|Any CPU.ActiveCfg = Debug|Any CPU
		{3759BAAD-E5B5-4EDE-88A4-737CBD0457FF}.Debug|Any CPU.Build.0 = Debug|Any CPU
		{3759BAAD-E5B5-4EDE-88A4-737CBD0457FF}.Release|Any CPU.ActiveCfg = Release|Any CPU
		{3759BAAD-E5B5-4EDE-88A4-737CBD0457FF}.Release|Any CPU.Build.0 = Release|Any CPU
	EndGlobalSection
	GlobalSection(SolutionProperties) = preSolution
		HideSolutionNode = FALSE
	EndGlobalSection
EndGlobal
